<?xml version="1.0" encoding="utf-8"?>
<Project ToolsVersion="4.0" xmlns="http://schemas.microsoft.com/developer/msbuild/2003">
  <ItemGroup>
    <Filter Include="Rion">
      <UniqueIdentifier>{FDD38B7C-E90A-8D0D-92F7-72107E0D090F}</UniqueIdentifier>
    </Filter>
  </ItemGroup>
  <ItemGroup>
    <ClInclude Include="src\Rion.h" />
    <ClInclude Include="src\Rion\Application.h">
      <Filter>Rion</Filter>
    </ClInclude>
    <ClInclude Include="src\Rion\Core.h">
      <Filter>Rion</Filter>
    </ClInclude>
    <ClInclude Include="src\Rion\EntryPoint.h">
      <Filter>Rion</Filter>
    </ClInclude>
    <ClInclude Include="src\Rion\Log.h">
      <Filter>Rion</Filter>
    </ClInclude>
  </ItemGroup>
  <ItemGroup>
    <ClCompile Include="src\Rion\Application.cpp">
      <Filter>Rion</Filter>
    </ClCompile>
    <ClCompile Include="src\Rion\Log.cpp">
      <Filter>Rion</Filter>
    </ClCompile>
  </ItemGroup>
</Project>